
Microsoft Visual Studio Solution File, Format Version 12.00
# Visual Studio Version 17
VisualStudioVersion = 17.3.32825.248
MinimumVisualStudioVersion = 10.0.40219.1
Project("{888888A0-9F3D-457C-B088-3A5042F75D52}") = "SoftUni", "SoftUni.pyproj", "{FBAD871E-788C-4769-BBD7-00E84F208D94}"
EndProject
Project("{2150E333-8FDC-42A3-9474-1A3956D46DE8}") = "programming_basic", "programming_basic", "{FFB12717-2E0B-4C5A-8F22-BC2C09BC2D2A}"
	ProjectSection(SolutionItems) = preProject
		hello_softUni.py = hello_softUni.py
	EndProjectSection
EndProject
Global
	GlobalSection(SolutionConfigurationPlatforms) = preSolution
		Debug|Any CPU = Debug|Any CPU
		Release|Any CPU = Release|Any CPU
	EndGlobalSection
	GlobalSection(ProjectConfigurationPlatforms) = postSolution
		{FBAD871E-788C-4769-BBD7-00E84F208D94}.Debug|Any CPU.ActiveCfg = Debug|Any CPU
		{FBAD871E-788C-4769-BBD7-00E84F208D94}.Release|Any CPU.ActiveCfg = Release|Any CPU
	EndGlobalSection
	GlobalSection(SolutionProperties) = preSolution
		HideSolutionNode = FALSE
	EndGlobalSection
	GlobalSection(ExtensibilityGlobals) = postSolution
		SolutionGuid = {0EECE1BF-AD89-49A7-9F5B-830E5592B9C8}
	EndGlobalSection
EndGlobal
